
Microsoft Visual Studio Solution File, Format Version 12.00
# Visual Studio Version 17
VisualStudioVersion = 17.9.34728.123
MinimumVisualStudioVersion = 10.0.40219.1
Project("{9A19103F-16F7-4668-BE54-9A1E7A4F7556}") = "PokemonReviewApp", "PokemonReviewApp.csproj", "{8C7F0633-7859-4728-A1FF-380312D1B70A}"
EndProject
Global
	GlobalSection(SolutionConfigurationPlatforms) = preSolution
		Debug|Any CPU = Debug|Any CPU
		Release|Any CPU = Release|Any CPU
	EndGlobalSection
	GlobalSection(ProjectConfigurationPlatforms) = postSolution
		{8C7F0633-7859-4728-A1FF-380312D1B70A}.Debug|Any CPU.ActiveCfg = Debug|Any CPU
		{8C7F0633-7859-4728-A1FF-380312D1B70A}.Debug|Any CPU.Build.0 = Debug|Any CPU
		{8C7F0633-7859-4728-A1FF-380312D1B70A}.Release|Any CPU.ActiveCfg = Release|Any CPU
		{8C7F0633-7859-4728-A1FF-380312D1B70A}.Release|Any CPU.Build.0 = Release|Any CPU
	EndGlobalSection
	GlobalSection(SolutionProperties) = preSolution
		HideSolutionNode = FALSE
	EndGlobalSection
	GlobalSection(ExtensibilityGlobals) = postSolution
		SolutionGuid = {0B482370-AF05-410D-8B0E-AC3139229CA4}
	EndGlobalSection
EndGlobal
